<?xml version="1.0" encoding="UTF-8"?>
<!DOCTYPE plist PUBLIC "-//Apple//DTD PLIST 1.0//EN" "http://www.apple.com/DTDs/PropertyList-1.0.dtd">
<plist version="1.0">
<dict>
	<key>archiveVersion</key>
	<string>1</string>
	<key>classes</key>
	<dict/>
	<key>objectVersion</key>
	<string>46</string>
	<key>objects</key>
	<dict>
		<key>20D2D9691D2687FA009E13A2</key>
		<dict>
			<key>children</key>
			<array>
				<string>20D2D96A1D268808009E13A2</string>
				<string>20D2D96B1D268808009E13A2</string>
				<string>20D2D96C1D268808009E13A2</string>
				<string>20D2D96D1D268808009E13A2</string>
				<string>20D2D96E1D268808009E13A2</string>
				<string>20D2D96F1D268808009E13A2</string>
				<string>20D2D9701D268808009E13A2</string>
				<string>20D2D9711D268808009E13A2</string>
			</array>
			<key>isa</key>
			<string>PBXGroup</string>
			<key>path</key>
			<string>Accessory</string>
			<key>sourceTree</key>
			<string>&lt;group&gt;</string>
		</dict>
		<key>20D2D96A1D268808009E13A2</key>
		<dict>
			<key>fileEncoding</key>
			<string>4</string>
			<key>isa</key>
			<string>PBXFileReference</string>
			<key>lastKnownFileType</key>
			<string>sourcecode.c.h</string>
			<key>path</key>
			<string>YTKAnimatingRequestAccessory.h</string>
			<key>sourceTree</key>
			<string>&lt;group&gt;</string>
		</dict>
		<key>20D2D96B1D268808009E13A2</key>
		<dict>
			<key>fileEncoding</key>
			<string>4</string>
			<key>isa</key>
			<string>PBXFileReference</string>
			<key>lastKnownFileType</key>
			<string>sourcecode.c.objc</string>
			<key>path</key>
			<string>YTKAnimatingRequestAccessory.m</string>
			<key>sourceTree</key>
			<string>&lt;group&gt;</string>
		</dict>
		<key>20D2D96C1D268808009E13A2</key>
		<dict>
			<key>fileEncoding</key>
			<string>4</string>
			<key>isa</key>
			<string>PBXFileReference</string>
			<key>lastKnownFileType</key>
			<string>sourcecode.c.h</string>
			<key>path</key>
			<string>YTKBaseRequest+AnimatingAccessory.h</string>
			<key>sourceTree</key>
			<string>&lt;group&gt;</string>
		</dict>
		<key>20D2D96D1D268808009E13A2</key>
		<dict>
			<key>fileEncoding</key>
			<string>4</string>
			<key>isa</key>
			<string>PBXFileReference</string>
			<key>lastKnownFileType</key>
			<string>sourcecode.c.objc</string>
			<key>path</key>
			<string>YTKBaseRequest+AnimatingAccessory.m</string>
			<key>sourceTree</key>
			<string>&lt;group&gt;</string>
		</dict>
		<key>20D2D96E1D268808009E13A2</key>
		<dict>
			<key>fileEncoding</key>
			<string>4</string>
			<key>isa</key>
			<string>PBXFileReference</string>
			<key>lastKnownFileType</key>
			<string>sourcecode.c.h</string>
			<key>path</key>
			<string>YTKBatchRequest+AnimatingAccessory.h</string>
			<key>sourceTree</key>
			<string>&lt;group&gt;</string>
		</dict>
		<key>20D2D96F1D268808009E13A2</key>
		<dict>
			<key>fileEncoding</key>
			<string>4</string>
			<key>isa</key>
			<string>PBXFileReference</string>
			<key>lastKnownFileType</key>
			<string>sourcecode.c.objc</string>
			<key>path</key>
			<string>YTKBatchRequest+AnimatingAccessory.m</string>
			<key>sourceTree</key>
			<string>&lt;group&gt;</string>
		</dict>
		<key>20D2D9701D268808009E13A2</key>
		<dict>
			<key>fileEncoding</key>
			<string>4</string>
			<key>isa</key>
			<string>PBXFileReference</string>
			<key>lastKnownFileType</key>
			<string>sourcecode.c.h</string>
			<key>path</key>
			<string>YTKChainRequest+AnimatingAccessory.h</string>
			<key>sourceTree</key>
			<string>&lt;group&gt;</string>
		</dict>
		<key>20D2D9711D268808009E13A2</key>
		<dict>
			<key>fileEncoding</key>
			<string>4</string>
			<key>isa</key>
			<string>PBXFileReference</string>
			<key>lastKnownFileType</key>
			<string>sourcecode.c.objc</string>
			<key>path</key>
			<string>YTKChainRequest+AnimatingAccessory.m</string>
			<key>sourceTree</key>
			<string>&lt;group&gt;</string>
		</dict>
		<key>20D2D9721D268808009E13A2</key>
		<dict>
			<key>fileRef</key>
			<string>20D2D96B1D268808009E13A2</string>
			<key>isa</key>
			<string>PBXBuildFile</string>
		</dict>
		<key>20D2D9731D268808009E13A2</key>
		<dict>
			<key>fileRef</key>
			<string>20D2D96D1D268808009E13A2</string>
			<key>isa</key>
			<string>PBXBuildFile</string>
		</dict>
		<key>20D2D9741D268808009E13A2</key>
		<dict>
			<key>fileRef</key>
			<string>20D2D96F1D268808009E13A2</string>
			<key>isa</key>
			<string>PBXBuildFile</string>
		</dict>
		<key>20D2D9751D268808009E13A2</key>
		<dict>
			<key>fileRef</key>
			<string>20D2D9711D268808009E13A2</string>
			<key>isa</key>
			<string>PBXBuildFile</string>
		</dict>
		<key>22ACBE3609D2A3A9B22717B4</key>
		<dict>
			<key>children</key>
			<array>
				<string>FEEC7AA40163426AAD453013</string>
				<string>D30149728A908A3BBCCE924A</string>
				<string>F3A8BAC1ADCD712EF8786C33</string>
				<string>65526970D9E7FB74931FF110</string>
			</array>
			<key>isa</key>
			<string>PBXGroup</string>
			<key>name</key>
			<string>Pods</string>
			<key>sourceTree</key>
			<string>&lt;group&gt;</string>
		</dict>
		<key>25F1A00B1066754A19C74116</key>
		<dict>
			<key>fileRef</key>
			<string>F8B54B27A99DEF03E2DBB02C</string>
			<key>isa</key>
			<string>PBXBuildFile</string>
		</dict>
		<key>35388473680756633E871C75</key>
		<dict>
			<key>buildActionMask</key>
			<string>2147483647</string>
			<key>files</key>
			<array/>
			<key>inputPaths</key>
			<array/>
			<key>isa</key>
			<string>PBXShellScriptBuildPhase</string>
			<key>name</key>
			<string>[CP] Embed Pods Frameworks</string>
			<key>outputPaths</key>
			<array/>
			<key>runOnlyForDeploymentPostprocessing</key>
			<string>0</string>
			<key>shellPath</key>
			<string>/bin/sh</string>
			<key>shellScript</key>
			<string>"${SRCROOT}/Pods/Target Support Files/Pods-YTKNetworkDemoTests/Pods-YTKNetworkDemoTests-frameworks.sh"
</string>
			<key>showEnvVarsInLog</key>
			<string>0</string>
		</dict>
		<key>446BEB38D2E9356D5931A463</key>
		<dict>
			<key>buildActionMask</key>
			<string>2147483647</string>
			<key>files</key>
			<array/>
			<key>inputPaths</key>
			<array/>
			<key>isa</key>
			<string>PBXShellScriptBuildPhase</string>
			<key>name</key>
			<string>[CP] Embed Pods Frameworks</string>
			<key>outputPaths</key>
			<array/>
			<key>runOnlyForDeploymentPostprocessing</key>
			<string>0</string>
			<key>shellPath</key>
			<string>/bin/sh</string>
			<key>shellScript</key>
			<string>"${SRCROOT}/Pods/Target Support Files/Pods-YTKNetworkDemo/Pods-YTKNetworkDemo-frameworks.sh"
</string>
			<key>showEnvVarsInLog</key>
			<string>0</string>
		</dict>
		<key>45AB19BF1A4656A600680858</key>
		<dict>
			<key>fileEncoding</key>
			<string>4</string>
			<key>isa</key>
			<string>PBXFileReference</string>
			<key>lastKnownFileType</key>
			<string>sourcecode.c.h</string>
			<key>path</key>
			<string>YTKUrlArgumentsFilter.h</string>
			<key>sourceTree</key>
			<string>&lt;group&gt;</string>
		</dict>
		<key>45AB19C01A4656A600680858</key>
		<dict>
			<key>fileEncoding</key>
			<string>4</string>
			<key>isa</key>
			<string>PBXFileReference</string>
			<key>lastKnownFileType</key>
			<string>sourcecode.c.objc</string>
			<key>path</key>
			<string>YTKUrlArgumentsFilter.m</string>
			<key>sourceTree</key>
			<string>&lt;group&gt;</string>
		</dict>
		<key>45AB19C11A4656A600680858</key>
		<dict>
			<key>fileRef</key>
			<string>45AB19C01A4656A600680858</string>
			<key>isa</key>
			<string>PBXBuildFile</string>
		</dict>
		<key>45BF1D3E1A0DC0A100DDB7E0</key>
		<dict>
			<key>fileEncoding</key>
			<string>4</string>
			<key>isa</key>
			<string>PBXFileReference</string>
			<key>lastKnownFileType</key>
			<string>sourcecode.c.h</string>
			<key>path</key>
			<string>RegisterApi.h</string>
			<key>sourceTree</key>
			<string>&lt;group&gt;</string>
		</dict>
		<key>45BF1D3F1A0DC0A100DDB7E0</key>
		<dict>
			<key>fileEncoding</key>
			<string>4</string>
			<key>isa</key>
			<string>PBXFileReference</string>
			<key>lastKnownFileType</key>
			<string>sourcecode.c.objc</string>
			<key>path</key>
			<string>RegisterApi.m</string>
			<key>sourceTree</key>
			<string>&lt;group&gt;</string>
		</dict>
		<key>45BF1D401A0DC0A100DDB7E0</key>
		<dict>
			<key>fileRef</key>
			<string>45BF1D3F1A0DC0A100DDB7E0</string>
			<key>isa</key>
			<string>PBXBuildFile</string>
		</dict>
		<key>45BF1D411A0DC40F00DDB7E0</key>
		<dict>
			<key>fileEncoding</key>
			<string>4</string>
			<key>isa</key>
			<string>PBXFileReference</string>
			<key>lastKnownFileType</key>
			<string>sourcecode.c.h</string>
			<key>path</key>
			<string>GetUserInfoApi.h</string>
			<key>sourceTree</key>
			<string>&lt;group&gt;</string>
		</dict>
		<key>45BF1D421A0DC40F00DDB7E0</key>
		<dict>
			<key>fileEncoding</key>
			<string>4</string>
			<key>isa</key>
			<string>PBXFileReference</string>
			<key>lastKnownFileType</key>
			<string>sourcecode.c.objc</string>
			<key>path</key>
			<string>GetUserInfoApi.m</string>
			<key>sourceTree</key>
			<string>&lt;group&gt;</string>
		</dict>
		<key>45BF1D431A0DC40F00DDB7E0</key>
		<dict>
			<key>fileRef</key>
			<string>45BF1D421A0DC40F00DDB7E0</string>
			<key>isa</key>
			<string>PBXBuildFile</string>
		</dict>
		<key>45BF1D441A0DC66E00DDB7E0</key>
		<dict>
			<key>fileEncoding</key>
			<string>4</string>
			<key>isa</key>
			<string>PBXFileReference</string>
			<key>lastKnownFileType</key>
			<string>sourcecode.c.h</string>
			<key>path</key>
			<string>GetImageApi.h</string>
			<key>sourceTree</key>
			<string>&lt;group&gt;</string>
		</dict>
		<key>45BF1D451A0DC66E00DDB7E0</key>
		<dict>
			<key>fileEncoding</key>
			<string>4</string>
			<key>isa</key>
			<string>PBXFileReference</string>
			<key>lastKnownFileType</key>
			<string>sourcecode.c.objc</string>
			<key>path</key>
			<string>GetImageApi.m</string>
			<key>sourceTree</key>
			<string>&lt;group&gt;</string>
		</dict>
		<key>45BF1D461A0DC66E00DDB7E0</key>
		<dict>
			<key>fileRef</key>
			<string>45BF1D451A0DC66E00DDB7E0</string>
			<key>isa</key>
			<string>PBXBuildFile</string>
		</dict>
		<key>45F710821A466D01001957BA</key>
		<dict>
			<key>fileEncoding</key>
			<string>4</string>
			<key>isa</key>
			<string>PBXFileReference</string>
			<key>lastKnownFileType</key>
			<string>sourcecode.c.h</string>
			<key>path</key>
			<string>UploadImageApi.h</string>
			<key>sourceTree</key>
			<string>&lt;group&gt;</string>
		</dict>
		<key>45F710831A466D01001957BA</key>
		<dict>
			<key>fileEncoding</key>
			<string>4</string>
			<key>isa</key>
			<string>PBXFileReference</string>
			<key>lastKnownFileType</key>
			<string>sourcecode.c.objc</string>
			<key>path</key>
			<string>UploadImageApi.m</string>
			<key>sourceTree</key>
			<string>&lt;group&gt;</string>
		</dict>
		<key>45F710841A466D01001957BA</key>
		<dict>
			<key>fileRef</key>
			<string>45F710831A466D01001957BA</string>
			<key>isa</key>
			<string>PBXBuildFile</string>
		</dict>
		<key>530C2FC27E9D057DF8080989</key>
		<dict>
			<key>buildActionMask</key>
			<string>2147483647</string>
			<key>files</key>
			<array/>
			<key>inputPaths</key>
			<array/>
			<key>isa</key>
			<string>PBXShellScriptBuildPhase</string>
			<key>name</key>
			<string>[CP] Check Pods Manifest.lock</string>
			<key>outputPaths</key>
			<array/>
			<key>runOnlyForDeploymentPostprocessing</key>
			<string>0</string>
			<key>shellPath</key>
			<string>/bin/sh</string>
			<key>shellScript</key>
			<string>diff "${PODS_ROOT}/../Podfile.lock" "${PODS_ROOT}/Manifest.lock" &gt; /dev/null
if [ $? != 0 ] ; then
    # print error to STDERR
    echo "error: The sandbox is not in sync with the Podfile.lock. Run 'pod install' or update your CocoaPods installation." &gt;&amp;2
    exit 1
fi
</string>
			<key>showEnvVarsInLog</key>
			<string>0</string>
		</dict>
		<key>573535265CF5ECF05E1BBD90</key>
		<dict>
			<key>explicitFileType</key>
			<string>archive.ar</string>
			<key>includeInIndex</key>
			<string>0</string>
			<key>isa</key>
			<string>PBXFileReference</string>
			<key>path</key>
			<string>libPods-YTKNetworkDemoTests.a</string>
			<key>sourceTree</key>
			<string>BUILT_PRODUCTS_DIR</string>
		</dict>
		<key>609DD632ED1E07363BD48FB2</key>
		<dict>
			<key>buildActionMask</key>
			<string>2147483647</string>
			<key>files</key>
			<array/>
			<key>inputPaths</key>
			<array/>
			<key>isa</key>
			<string>PBXShellScriptBuildPhase</string>
			<key>name</key>
			<string>[CP] Check Pods Manifest.lock</string>
			<key>outputPaths</key>
			<array/>
			<key>runOnlyForDeploymentPostprocessing</key>
			<string>0</string>
			<key>shellPath</key>
			<string>/bin/sh</string>
			<key>shellScript</key>
			<string>diff "${PODS_ROOT}/../Podfile.lock" "${PODS_ROOT}/Manifest.lock" &gt; /dev/null
if [ $? != 0 ] ; then
    # print error to STDERR
    echo "error: The sandbox is not in sync with the Podfile.lock. Run 'pod install' or update your CocoaPods installation." &gt;&amp;2
    exit 1
fi
</string>
			<key>showEnvVarsInLog</key>
			<string>0</string>
		</dict>
		<key>65526970D9E7FB74931FF110</key>
		<dict>
			<key>includeInIndex</key>
			<string>1</string>
			<key>isa</key>
			<string>PBXFileReference</string>
			<key>lastKnownFileType</key>
			<string>text.xcconfig</string>
			<key>name</key>
			<string>Pods-YTKNetworkDemoTests.release.xcconfig</string>
			<key>path</key>
			<string>Pods/Target Support Files/Pods-YTKNetworkDemoTests/Pods-YTKNetworkDemoTests.release.xcconfig</string>
			<key>sourceTree</key>
			<string>&lt;group&gt;</string>
		</dict>
		<key>9D8FC356690477282DCB85ED</key>
		<dict>
			<key>buildActionMask</key>
			<string>2147483647</string>
			<key>files</key>
			<array/>
			<key>inputPaths</key>
			<array/>
			<key>isa</key>
			<string>PBXShellScriptBuildPhase</string>
			<key>name</key>
			<string>[CP] Copy Pods Resources</string>
			<key>outputPaths</key>
			<array/>
			<key>runOnlyForDeploymentPostprocessing</key>
			<string>0</string>
			<key>shellPath</key>
			<string>/bin/sh</string>
			<key>shellScript</key>
			<string>"${SRCROOT}/Pods/Target Support Files/Pods-YTKNetworkDemoTests/Pods-YTKNetworkDemoTests-resources.sh"
</string>
			<key>showEnvVarsInLog</key>
			<string>0</string>
		</dict>
		<key>BF007FCA19FF972C00816462</key>
		<dict>
			<key>children</key>
			<array>
				<string>20D2D9691D2687FA009E13A2</string>
				<string>BF007FD519FF972C00816462</string>
				<string>BF007FEF19FF972C00816462</string>
				<string>BF007FD419FF972C00816462</string>
				<string>22ACBE3609D2A3A9B22717B4</string>
				<string>F3D5E2006147748FD73B4DAE</string>
			</array>
			<key>isa</key>
			<string>PBXGroup</string>
			<key>sourceTree</key>
			<string>&lt;group&gt;</string>
		</dict>
		<key>BF007FCB19FF972C00816462</key>
		<dict>
			<key>attributes</key>
			<dict>
				<key>LastUpgradeCheck</key>
				<string>0800</string>
				<key>ORGANIZATIONNAME</key>
				<string>yuantiku.com</string>
				<key>TargetAttributes</key>
				<dict>
					<key>BF007FD219FF972C00816462</key>
					<dict>
						<key>CreatedOnToolsVersion</key>
						<string>6.1</string>
					</dict>
					<key>BF007FEB19FF972C00816462</key>
					<dict>
						<key>CreatedOnToolsVersion</key>
						<string>6.1</string>
						<key>TestTargetID</key>
						<string>BF007FD219FF972C00816462</string>
					</dict>
				</dict>
			</dict>
			<key>buildConfigurationList</key>
			<string>BF007FCE19FF972C00816462</string>
			<key>compatibilityVersion</key>
			<string>Xcode 3.2</string>
			<key>developmentRegion</key>
			<string>English</string>
			<key>hasScannedForEncodings</key>
			<string>0</string>
			<key>isa</key>
			<string>PBXProject</string>
			<key>knownRegions</key>
			<array>
				<string>en</string>
				<string>Base</string>
			</array>
			<key>mainGroup</key>
			<string>BF007FCA19FF972C00816462</string>
			<key>productRefGroup</key>
			<string>BF007FD419FF972C00816462</string>
			<key>projectDirPath</key>
			<string></string>
			<key>projectReferences</key>
			<array/>
			<key>projectRoot</key>
			<string></string>
			<key>targets</key>
			<array>
				<string>BF007FD219FF972C00816462</string>
				<string>BF007FEB19FF972C00816462</string>
			</array>
		</dict>
		<key>BF007FCE19FF972C00816462</key>
		<dict>
			<key>buildConfigurations</key>
			<array>
				<string>BF007FF419FF972C00816462</string>
				<string>BF007FF519FF972C00816462</string>
			</array>
			<key>defaultConfigurationIsVisible</key>
			<string>0</string>
			<key>defaultConfigurationName</key>
			<string>Release</string>
			<key>isa</key>
			<string>XCConfigurationList</string>
		</dict>
		<key>BF007FCF19FF972C00816462</key>
		<dict>
			<key>buildActionMask</key>
			<string>2147483647</string>
			<key>files</key>
			<array>
				<string>45BF1D461A0DC66E00DDB7E0</string>
				<string>BF007FDF19FF972C00816462</string>
				<string>20D2D9721D268808009E13A2</string>
				<string>45AB19C11A4656A600680858</string>
				<string>45BF1D431A0DC40F00DDB7E0</string>
				<string>BF007FDC19FF972C00816462</string>
				<string>45F710841A466D01001957BA</string>
				<string>BF007FD919FF972C00816462</string>
				<string>20D2D9751D268808009E13A2</string>
				<string>20D2D9731D268808009E13A2</string>
				<string>45BF1D401A0DC0A100DDB7E0</string>
				<string>20D2D9741D268808009E13A2</string>
			</array>
			<key>isa</key>
			<string>PBXSourcesBuildPhase</string>
			<key>runOnlyForDeploymentPostprocessing</key>
			<string>0</string>
		</dict>
		<key>BF007FD019FF972C00816462</key>
		<dict>
			<key>buildActionMask</key>
			<string>2147483647</string>
			<key>files</key>
			<array>
				<string>25F1A00B1066754A19C74116</string>
			</array>
			<key>isa</key>
			<string>PBXFrameworksBuildPhase</string>
			<key>runOnlyForDeploymentPostprocessing</key>
			<string>0</string>
		</dict>
		<key>BF007FD119FF972C00816462</key>
		<dict>
			<key>buildActionMask</key>
			<string>2147483647</string>
			<key>files</key>
			<array>
				<string>BF007FE219FF972C00816462</string>
				<string>BF007FE719FF972C00816462</string>
				<string>BF007FE419FF972C00816462</string>
			</array>
			<key>isa</key>
			<string>PBXResourcesBuildPhase</string>
			<key>runOnlyForDeploymentPostprocessing</key>
			<string>0</string>
		</dict>
		<key>BF007FD219FF972C00816462</key>
		<dict>
			<key>buildConfigurationList</key>
			<string>BF007FF619FF972C00816462</string>
			<key>buildPhases</key>
			<array>
				<string>609DD632ED1E07363BD48FB2</string>
				<string>BF007FCF19FF972C00816462</string>
				<string>BF007FD019FF972C00816462</string>
				<string>BF007FD119FF972C00816462</string>
				<string>446BEB38D2E9356D5931A463</string>
				<string>DE3E65FF40BD9A908E26EF96</string>
			</array>
			<key>buildRules</key>
			<array/>
			<key>dependencies</key>
			<array/>
			<key>isa</key>
			<string>PBXNativeTarget</string>
			<key>name</key>
			<string>YTKNetworkDemo</string>
			<key>productName</key>
			<string>YTKNetworkDemo</string>
			<key>productReference</key>
			<string>BF007FD319FF972C00816462</string>
			<key>productType</key>
			<string>com.apple.product-type.application</string>
		</dict>
		<key>BF007FD319FF972C00816462</key>
		<dict>
			<key>explicitFileType</key>
			<string>wrapper.application</string>
			<key>includeInIndex</key>
			<string>0</string>
			<key>isa</key>
			<string>PBXFileReference</string>
			<key>path</key>
			<string>YTKNetworkDemo.app</string>
			<key>sourceTree</key>
			<string>BUILT_PRODUCTS_DIR</string>
		</dict>
		<key>BF007FD419FF972C00816462</key>
		<dict>
			<key>children</key>
			<array>
				<string>BF007FD319FF972C00816462</string>
				<string>BF007FEC19FF972C00816462</string>
			</array>
			<key>isa</key>
			<string>PBXGroup</string>
			<key>name</key>
			<string>Products</string>
			<key>sourceTree</key>
			<string>&lt;group&gt;</string>
		</dict>
		<key>BF007FD519FF972C00816462</key>
		<dict>
			<key>children</key>
			<array>
				<string>45F710821A466D01001957BA</string>
				<string>45F710831A466D01001957BA</string>
				<string>45AB19BF1A4656A600680858</string>
				<string>45AB19C01A4656A600680858</string>
				<string>45BF1D3E1A0DC0A100DDB7E0</string>
				<string>45BF1D3F1A0DC0A100DDB7E0</string>
				<string>45BF1D411A0DC40F00DDB7E0</string>
				<string>45BF1D421A0DC40F00DDB7E0</string>
				<string>45BF1D441A0DC66E00DDB7E0</string>
				<string>45BF1D451A0DC66E00DDB7E0</string>
				<string>BF007FDA19FF972C00816462</string>
				<string>BF007FDB19FF972C00816462</string>
				<string>BF007FDD19FF972C00816462</string>
				<string>BF007FDE19FF972C00816462</string>
				<string>BF007FE019FF972C00816462</string>
				<string>BF007FE319FF972C00816462</string>
				<string>BF007FE519FF972C00816462</string>
				<string>BF007FD619FF972C00816462</string>
			</array>
			<key>isa</key>
			<string>PBXGroup</string>
			<key>path</key>
			<string>YTKNetworkDemo</string>
			<key>sourceTree</key>
			<string>&lt;group&gt;</string>
		</dict>
		<key>BF007FD619FF972C00816462</key>
		<dict>
			<key>children</key>
			<array>
				<string>BF007FD719FF972C00816462</string>
				<string>BF007FD819FF972C00816462</string>
			</array>
			<key>isa</key>
			<string>PBXGroup</string>
			<key>name</key>
			<string>Supporting Files</string>
			<key>sourceTree</key>
			<string>&lt;group&gt;</string>
		</dict>
		<key>BF007FD719FF972C00816462</key>
		<dict>
			<key>isa</key>
			<string>PBXFileReference</string>
			<key>lastKnownFileType</key>
			<string>text.plist.xml</string>
			<key>path</key>
			<string>Info.plist</string>
			<key>sourceTree</key>
			<string>&lt;group&gt;</string>
		</dict>
		<key>BF007FD819FF972C00816462</key>
		<dict>
			<key>isa</key>
			<string>PBXFileReference</string>
			<key>lastKnownFileType</key>
			<string>sourcecode.c.objc</string>
			<key>path</key>
			<string>main.m</string>
			<key>sourceTree</key>
			<string>&lt;group&gt;</string>
		</dict>
		<key>BF007FD919FF972C00816462</key>
		<dict>
			<key>fileRef</key>
			<string>BF007FD819FF972C00816462</string>
			<key>isa</key>
			<string>PBXBuildFile</string>
		</dict>
		<key>BF007FDA19FF972C00816462</key>
		<dict>
			<key>isa</key>
			<string>PBXFileReference</string>
			<key>lastKnownFileType</key>
			<string>sourcecode.c.h</string>
			<key>path</key>
			<string>AppDelegate.h</string>
			<key>sourceTree</key>
			<string>&lt;group&gt;</string>
		</dict>
		<key>BF007FDB19FF972C00816462</key>
		<dict>
			<key>isa</key>
			<string>PBXFileReference</string>
			<key>lastKnownFileType</key>
			<string>sourcecode.c.objc</string>
			<key>path</key>
			<string>AppDelegate.m</string>
			<key>sourceTree</key>
			<string>&lt;group&gt;</string>
		</dict>
		<key>BF007FDC19FF972C00816462</key>
		<dict>
			<key>fileRef</key>
			<string>BF007FDB19FF972C00816462</string>
			<key>isa</key>
			<string>PBXBuildFile</string>
		</dict>
		<key>BF007FDD19FF972C00816462</key>
		<dict>
			<key>isa</key>
			<string>PBXFileReference</string>
			<key>lastKnownFileType</key>
			<string>sourcecode.c.h</string>
			<key>path</key>
			<string>ViewController.h</string>
			<key>sourceTree</key>
			<string>&lt;group&gt;</string>
		</dict>
		<key>BF007FDE19FF972C00816462</key>
		<dict>
			<key>isa</key>
			<string>PBXFileReference</string>
			<key>lastKnownFileType</key>
			<string>sourcecode.c.objc</string>
			<key>path</key>
			<string>ViewController.m</string>
			<key>sourceTree</key>
			<string>&lt;group&gt;</string>
		</dict>
		<key>BF007FDF19FF972C00816462</key>
		<dict>
			<key>fileRef</key>
			<string>BF007FDE19FF972C00816462</string>
			<key>isa</key>
			<string>PBXBuildFile</string>
		</dict>
		<key>BF007FE019FF972C00816462</key>
		<dict>
			<key>children</key>
			<array>
				<string>BF007FE119FF972C00816462</string>
			</array>
			<key>isa</key>
			<string>PBXVariantGroup</string>
			<key>name</key>
			<string>Main.storyboard</string>
			<key>sourceTree</key>
			<string>&lt;group&gt;</string>
		</dict>
		<key>BF007FE119FF972C00816462</key>
		<dict>
			<key>isa</key>
			<string>PBXFileReference</string>
			<key>lastKnownFileType</key>
			<string>file.storyboard</string>
			<key>name</key>
			<string>Base</string>
			<key>path</key>
			<string>Base.lproj/Main.storyboard</string>
			<key>sourceTree</key>
			<string>&lt;group&gt;</string>
		</dict>
		<key>BF007FE219FF972C00816462</key>
		<dict>
			<key>fileRef</key>
			<string>BF007FE019FF972C00816462</string>
			<key>isa</key>
			<string>PBXBuildFile</string>
		</dict>
		<key>BF007FE319FF972C00816462</key>
		<dict>
			<key>isa</key>
			<string>PBXFileReference</string>
			<key>lastKnownFileType</key>
			<string>folder.assetcatalog</string>
			<key>path</key>
			<string>Images.xcassets</string>
			<key>sourceTree</key>
			<string>&lt;group&gt;</string>
		</dict>
		<key>BF007FE419FF972C00816462</key>
		<dict>
			<key>fileRef</key>
			<string>BF007FE319FF972C00816462</string>
			<key>isa</key>
			<string>PBXBuildFile</string>
		</dict>
		<key>BF007FE519FF972C00816462</key>
		<dict>
			<key>children</key>
			<array>
				<string>BF007FE619FF972C00816462</string>
			</array>
			<key>isa</key>
			<string>PBXVariantGroup</string>
			<key>name</key>
			<string>LaunchScreen.xib</string>
			<key>sourceTree</key>
			<string>&lt;group&gt;</string>
		</dict>
		<key>BF007FE619FF972C00816462</key>
		<dict>
			<key>isa</key>
			<string>PBXFileReference</string>
			<key>lastKnownFileType</key>
			<string>file.xib</string>
			<key>name</key>
			<string>Base</string>
			<key>path</key>
			<string>Base.lproj/LaunchScreen.xib</string>
			<key>sourceTree</key>
			<string>&lt;group&gt;</string>
		</dict>
		<key>BF007FE719FF972C00816462</key>
		<dict>
			<key>fileRef</key>
			<string>BF007FE519FF972C00816462</string>
			<key>isa</key>
			<string>PBXBuildFile</string>
		</dict>
		<key>BF007FE819FF972C00816462</key>
		<dict>
			<key>buildActionMask</key>
			<string>2147483647</string>
			<key>files</key>
			<array>
				<string>BF007FF319FF972C00816462</string>
			</array>
			<key>isa</key>
			<string>PBXSourcesBuildPhase</string>
			<key>runOnlyForDeploymentPostprocessing</key>
			<string>0</string>
		</dict>
		<key>BF007FE919FF972C00816462</key>
		<dict>
			<key>buildActionMask</key>
			<string>2147483647</string>
			<key>files</key>
			<array>
				<string>EDD64A8FB57EEC11DE6CEB4E</string>
			</array>
			<key>isa</key>
			<string>PBXFrameworksBuildPhase</string>
			<key>runOnlyForDeploymentPostprocessing</key>
			<string>0</string>
		</dict>
		<key>BF007FEA19FF972C00816462</key>
		<dict>
			<key>buildActionMask</key>
			<string>2147483647</string>
			<key>files</key>
			<array/>
			<key>isa</key>
			<string>PBXResourcesBuildPhase</string>
			<key>runOnlyForDeploymentPostprocessing</key>
			<string>0</string>
		</dict>
		<key>BF007FEB19FF972C00816462</key>
		<dict>
			<key>buildConfigurationList</key>
			<string>BF007FF919FF972C00816462</string>
			<key>buildPhases</key>
			<array>
				<string>530C2FC27E9D057DF8080989</string>
				<string>BF007FE819FF972C00816462</string>
				<string>BF007FE919FF972C00816462</string>
				<string>BF007FEA19FF972C00816462</string>
				<string>35388473680756633E871C75</string>
				<string>9D8FC356690477282DCB85ED</string>
			</array>
			<key>buildRules</key>
			<array/>
			<key>dependencies</key>
			<array>
				<string>BF007FEE19FF972C00816462</string>
			</array>
			<key>isa</key>
			<string>PBXNativeTarget</string>
			<key>name</key>
			<string>YTKNetworkDemoTests</string>
			<key>productName</key>
			<string>YTKNetworkDemoTests</string>
			<key>productReference</key>
			<string>BF007FEC19FF972C00816462</string>
			<key>productType</key>
			<string>com.apple.product-type.bundle.unit-test</string>
		</dict>
		<key>BF007FEC19FF972C00816462</key>
		<dict>
			<key>explicitFileType</key>
			<string>wrapper.cfbundle</string>
			<key>includeInIndex</key>
			<string>0</string>
			<key>isa</key>
			<string>PBXFileReference</string>
			<key>path</key>
			<string>YTKNetworkDemoTests.xctest</string>
			<key>sourceTree</key>
			<string>BUILT_PRODUCTS_DIR</string>
		</dict>
		<key>BF007FED19FF972C00816462</key>
		<dict>
			<key>containerPortal</key>
			<string>BF007FCB19FF972C00816462</string>
			<key>isa</key>
			<string>PBXContainerItemProxy</string>
			<key>proxyType</key>
			<string>1</string>
			<key>remoteGlobalIDString</key>
			<string>BF007FD219FF972C00816462</string>
			<key>remoteInfo</key>
			<string>YTKNetworkDemo</string>
		</dict>
		<key>BF007FEE19FF972C00816462</key>
		<dict>
			<key>isa</key>
			<string>PBXTargetDependency</string>
			<key>target</key>
			<string>BF007FD219FF972C00816462</string>
			<key>targetProxy</key>
			<string>BF007FED19FF972C00816462</string>
		</dict>
		<key>BF007FEF19FF972C00816462</key>
		<dict>
			<key>children</key>
			<array>
				<string>BF007FF219FF972C00816462</string>
				<string>BF007FF019FF972C00816462</string>
			</array>
			<key>isa</key>
			<string>PBXGroup</string>
			<key>path</key>
			<string>YTKNetworkDemoTests</string>
			<key>sourceTree</key>
			<string>&lt;group&gt;</string>
		</dict>
		<key>BF007FF019FF972C00816462</key>
		<dict>
			<key>children</key>
			<array>
				<string>BF007FF119FF972C00816462</string>
			</array>
			<key>isa</key>
			<string>PBXGroup</string>
			<key>name</key>
			<string>Supporting Files</string>
			<key>sourceTree</key>
			<string>&lt;group&gt;</string>
		</dict>
		<key>BF007FF119FF972C00816462</key>
		<dict>
			<key>isa</key>
			<string>PBXFileReference</string>
			<key>lastKnownFileType</key>
			<string>text.plist.xml</string>
			<key>path</key>
			<string>Info.plist</string>
			<key>sourceTree</key>
			<string>&lt;group&gt;</string>
		</dict>
		<key>BF007FF219FF972C00816462</key>
		<dict>
			<key>isa</key>
			<string>PBXFileReference</string>
			<key>lastKnownFileType</key>
			<string>sourcecode.c.objc</string>
			<key>path</key>
			<string>YTKNetworkDemoTests.m</string>
			<key>sourceTree</key>
			<string>&lt;group&gt;</string>
		</dict>
		<key>BF007FF319FF972C00816462</key>
		<dict>
			<key>fileRef</key>
			<string>BF007FF219FF972C00816462</string>
			<key>isa</key>
			<string>PBXBuildFile</string>
		</dict>
		<key>BF007FF419FF972C00816462</key>
		<dict>
			<key>buildSettings</key>
			<dict>
				<key>ALWAYS_SEARCH_USER_PATHS</key>
				<string>NO</string>
				<key>CLANG_CXX_LANGUAGE_STANDARD</key>
				<string>gnu++0x</string>
				<key>CLANG_CXX_LIBRARY</key>
				<string>libc++</string>
				<key>CLANG_ENABLE_MODULES</key>
				<string>YES</string>
				<key>CLANG_ENABLE_OBJC_ARC</key>
				<string>YES</string>
				<key>CLANG_WARN_BOOL_CONVERSION</key>
				<string>YES</string>
				<key>CLANG_WARN_CONSTANT_CONVERSION</key>
				<string>YES</string>
				<key>CLANG_WARN_DIRECT_OBJC_ISA_USAGE</key>
				<string>YES_ERROR</string>
				<key>CLANG_WARN_EMPTY_BODY</key>
				<string>YES</string>
				<key>CLANG_WARN_ENUM_CONVERSION</key>
				<string>YES</string>
				<key>CLANG_WARN_INFINITE_RECURSION</key>
				<string>YES</string>
				<key>CLANG_WARN_INT_CONVERSION</key>
				<string>YES</string>
				<key>CLANG_WARN_OBJC_ROOT_CLASS</key>
				<string>YES_ERROR</string>
				<key>CLANG_WARN_SUSPICIOUS_MOVE</key>
				<string>YES</string>
				<key>CLANG_WARN_UNREACHABLE_CODE</key>
				<string>YES</string>
				<key>CLANG_WARN__DUPLICATE_METHOD_MATCH</key>
				<string>YES</string>
				<key>CODE_SIGN_IDENTITY[sdk=iphoneos*]</key>
				<string>iPhone Developer</string>
				<key>COPY_PHASE_STRIP</key>
				<string>NO</string>
				<key>ENABLE_STRICT_OBJC_MSGSEND</key>
				<string>YES</string>
				<key>ENABLE_TESTABILITY</key>
				<string>YES</string>
				<key>GCC_C_LANGUAGE_STANDARD</key>
				<string>gnu99</string>
				<key>GCC_DYNAMIC_NO_PIC</key>
				<string>NO</string>
				<key>GCC_NO_COMMON_BLOCKS</key>
				<string>YES</string>
				<key>GCC_OPTIMIZATION_LEVEL</key>
				<string>0</string>
				<key>GCC_PREPROCESSOR_DEFINITIONS</key>
				<array>
					<string>DEBUG=1</string>
					<string>$(inherited)</string>
				</array>
				<key>GCC_SYMBOLS_PRIVATE_EXTERN</key>
				<string>NO</string>
				<key>GCC_WARN_64_TO_32_BIT_CONVERSION</key>
				<string>YES</string>
				<key>GCC_WARN_ABOUT_RETURN_TYPE</key>
				<string>YES_ERROR</string>
				<key>GCC_WARN_UNDECLARED_SELECTOR</key>
				<string>YES</string>
				<key>GCC_WARN_UNINITIALIZED_AUTOS</key>
				<string>YES_AGGRESSIVE</string>
				<key>GCC_WARN_UNUSED_FUNCTION</key>
				<string>YES</string>
				<key>GCC_WARN_UNUSED_VARIABLE</key>
				<string>YES</string>
				<key>IPHONEOS_DEPLOYMENT_TARGET</key>
				<string>8.1</string>
				<key>MTL_ENABLE_DEBUG_INFO</key>
				<string>YES</string>
				<key>ONLY_ACTIVE_ARCH</key>
				<string>YES</string>
				<key>SDKROOT</key>
				<string>iphoneos</string>
				<key>TARGETED_DEVICE_FAMILY</key>
				<string>1,2</string>
			</dict>
			<key>isa</key>
			<string>XCBuildConfiguration</string>
			<key>name</key>
			<string>Debug</string>
		</dict>
		<key>BF007FF519FF972C00816462</key>
		<dict>
			<key>buildSettings</key>
			<dict>
				<key>ALWAYS_SEARCH_USER_PATHS</key>
				<string>NO</string>
				<key>CLANG_CXX_LANGUAGE_STANDARD</key>
				<string>gnu++0x</string>
				<key>CLANG_CXX_LIBRARY</key>
				<string>libc++</string>
				<key>CLANG_ENABLE_MODULES</key>
				<string>YES</string>
				<key>CLANG_ENABLE_OBJC_ARC</key>
				<string>YES</string>
				<key>CLANG_WARN_BOOL_CONVERSION</key>
				<string>YES</string>
				<key>CLANG_WARN_CONSTANT_CONVERSION</key>
				<string>YES</string>
				<key>CLANG_WARN_DIRECT_OBJC_ISA_USAGE</key>
				<string>YES_ERROR</string>
				<key>CLANG_WARN_EMPTY_BODY</key>
				<string>YES</string>
				<key>CLANG_WARN_ENUM_CONVERSION</key>
				<string>YES</string>
				<key>CLANG_WARN_INFINITE_RECURSION</key>
				<string>YES</string>
				<key>CLANG_WARN_INT_CONVERSION</key>
				<string>YES</string>
				<key>CLANG_WARN_OBJC_ROOT_CLASS</key>
				<string>YES_ERROR</string>
				<key>CLANG_WARN_SUSPICIOUS_MOVE</key>
				<string>YES</string>
				<key>CLANG_WARN_UNREACHABLE_CODE</key>
				<string>YES</string>
				<key>CLANG_WARN__DUPLICATE_METHOD_MATCH</key>
				<string>YES</string>
				<key>CODE_SIGN_IDENTITY[sdk=iphoneos*]</key>
				<string>iPhone Developer</string>
				<key>COPY_PHASE_STRIP</key>
				<string>YES</string>
				<key>ENABLE_NS_ASSERTIONS</key>
				<string>NO</string>
				<key>ENABLE_STRICT_OBJC_MSGSEND</key>
				<string>YES</string>
				<key>GCC_C_LANGUAGE_STANDARD</key>
				<string>gnu99</string>
				<key>GCC_NO_COMMON_BLOCKS</key>
				<string>YES</string>
				<key>GCC_WARN_64_TO_32_BIT_CONVERSION</key>
				<string>YES</string>
				<key>GCC_WARN_ABOUT_RETURN_TYPE</key>
				<string>YES_ERROR</string>
				<key>GCC_WARN_UNDECLARED_SELECTOR</key>
				<string>YES</string>
				<key>GCC_WARN_UNINITIALIZED_AUTOS</key>
				<string>YES_AGGRESSIVE</string>
				<key>GCC_WARN_UNUSED_FUNCTION</key>
				<string>YES</string>
				<key>GCC_WARN_UNUSED_VARIABLE</key>
				<string>YES</string>
				<key>IPHONEOS_DEPLOYMENT_TARGET</key>
				<string>8.1</string>
				<key>MTL_ENABLE_DEBUG_INFO</key>
				<string>NO</string>
				<key>SDKROOT</key>
				<string>iphoneos</string>
				<key>TARGETED_DEVICE_FAMILY</key>
				<string>1,2</string>
				<key>VALIDATE_PRODUCT</key>
				<string>YES</string>
			</dict>
			<key>isa</key>
			<string>XCBuildConfiguration</string>
			<key>name</key>
			<string>Release</string>
		</dict>
		<key>BF007FF619FF972C00816462</key>
		<dict>
			<key>buildConfigurations</key>
			<array>
				<string>BF007FF719FF972C00816462</string>
				<string>BF007FF819FF972C00816462</string>
			</array>
			<key>defaultConfigurationIsVisible</key>
			<string>0</string>
			<key>defaultConfigurationName</key>
			<string>Release</string>
			<key>isa</key>
			<string>XCConfigurationList</string>
		</dict>
		<key>BF007FF719FF972C00816462</key>
		<dict>
			<key>baseConfigurationReference</key>
			<string>FEEC7AA40163426AAD453013</string>
			<key>buildSettings</key>
			<dict>
				<key>ASSETCATALOG_COMPILER_APPICON_NAME</key>
				<string>AppIcon</string>
				<key>HEADER_SEARCH_PATHS</key>
				<string>$(inherited)</string>
				<key>INFOPLIST_FILE</key>
				<string>YTKNetworkDemo/Info.plist</string>
				<key>IPHONEOS_DEPLOYMENT_TARGET</key>
				<string>8.0</string>
				<key>LD_RUNPATH_SEARCH_PATHS</key>
				<string>$(inherited) @executable_path/Frameworks</string>
				<key>PRODUCT_BUNDLE_IDENTIFIER</key>
				<string>com.yuantiku.$(PRODUCT_NAME:rfc1034identifier)</string>
				<key>PRODUCT_NAME</key>
				<string>$(TARGET_NAME)</string>
			</dict>
			<key>isa</key>
			<string>XCBuildConfiguration</string>
			<key>name</key>
			<string>Debug</string>
		</dict>
		<key>BF007FF819FF972C00816462</key>
		<dict>
			<key>baseConfigurationReference</key>
			<string>D30149728A908A3BBCCE924A</string>
			<key>buildSettings</key>
			<dict>
				<key>ASSETCATALOG_COMPILER_APPICON_NAME</key>
				<string>AppIcon</string>
				<key>HEADER_SEARCH_PATHS</key>
				<string>$(inherited)</string>
				<key>INFOPLIST_FILE</key>
				<string>YTKNetworkDemo/Info.plist</string>
				<key>IPHONEOS_DEPLOYMENT_TARGET</key>
				<string>8.0</string>
				<key>LD_RUNPATH_SEARCH_PATHS</key>
				<string>$(inherited) @executable_path/Frameworks</string>
				<key>PRODUCT_BUNDLE_IDENTIFIER</key>
				<string>com.yuantiku.$(PRODUCT_NAME:rfc1034identifier)</string>
				<key>PRODUCT_NAME</key>
				<string>$(TARGET_NAME)</string>
			</dict>
			<key>isa</key>
			<string>XCBuildConfiguration</string>
			<key>name</key>
			<string>Release</string>
		</dict>
		<key>BF007FF919FF972C00816462</key>
		<dict>
			<key>buildConfigurations</key>
			<array>
				<string>BF007FFA19FF972C00816462</string>
				<string>BF007FFB19FF972C00816462</string>
			</array>
			<key>defaultConfigurationIsVisible</key>
			<string>0</string>
			<key>defaultConfigurationName</key>
			<string>Release</string>
			<key>isa</key>
			<string>XCConfigurationList</string>
		</dict>
		<key>BF007FFA19FF972C00816462</key>
		<dict>
			<key>baseConfigurationReference</key>
			<string>F3A8BAC1ADCD712EF8786C33</string>
			<key>buildSettings</key>
			<dict>
				<key>BUNDLE_LOADER</key>
				<string>$(TEST_HOST)</string>
				<key>FRAMEWORK_SEARCH_PATHS</key>
				<string></string>
				<key>GCC_PREPROCESSOR_DEFINITIONS</key>
				<array>
					<string>DEBUG=1</string>
					<string>$(inherited)</string>
				</array>
				<key>HEADER_SEARCH_PATHS</key>
				<string>$(inherited)</string>
				<key>INFOPLIST_FILE</key>
				<string>YTKNetworkDemoTests/Info.plist</string>
				<key>LD_RUNPATH_SEARCH_PATHS</key>
				<string>$(inherited) @executable_path/Frameworks @loader_path/Frameworks</string>
				<key>PRODUCT_BUNDLE_IDENTIFIER</key>
				<string>com.yuantiku.$(PRODUCT_NAME:rfc1034identifier)</string>
				<key>PRODUCT_NAME</key>
				<string>$(TARGET_NAME)</string>
				<key>TEST_HOST</key>
				<string>$(BUILT_PRODUCTS_DIR)/YTKNetworkDemo.app/YTKNetworkDemo</string>
			</dict>
			<key>isa</key>
			<string>XCBuildConfiguration</string>
			<key>name</key>
			<string>Debug</string>
		</dict>
		<key>BF007FFB19FF972C00816462</key>
		<dict>
			<key>baseConfigurationReference</key>
			<string>65526970D9E7FB74931FF110</string>
			<key>buildSettings</key>
			<dict>
				<key>BUNDLE_LOADER</key>
				<string>$(TEST_HOST)</string>
				<key>FRAMEWORK_SEARCH_PATHS</key>
				<string></string>
				<key>HEADER_SEARCH_PATHS</key>
				<string>$(inherited)</string>
				<key>INFOPLIST_FILE</key>
				<string>YTKNetworkDemoTests/Info.plist</string>
				<key>LD_RUNPATH_SEARCH_PATHS</key>
				<string>$(inherited) @executable_path/Frameworks @loader_path/Frameworks</string>
				<key>PRODUCT_BUNDLE_IDENTIFIER</key>
				<string>com.yuantiku.$(PRODUCT_NAME:rfc1034identifier)</string>
				<key>PRODUCT_NAME</key>
				<string>$(TARGET_NAME)</string>
				<key>TEST_HOST</key>
				<string>$(BUILT_PRODUCTS_DIR)/YTKNetworkDemo.app/YTKNetworkDemo</string>
			</dict>
			<key>isa</key>
			<string>XCBuildConfiguration</string>
			<key>name</key>
			<string>Release</string>
		</dict>
		<key>D30149728A908A3BBCCE924A</key>
		<dict>
			<key>includeInIndex</key>
			<string>1</string>
			<key>isa</key>
			<string>PBXFileReference</string>
			<key>lastKnownFileType</key>
			<string>text.xcconfig</string>
			<key>name</key>
			<string>Pods-YTKNetworkDemo.release.xcconfig</string>
			<key>path</key>
			<string>Pods/Target Support Files/Pods-YTKNetworkDemo/Pods-YTKNetworkDemo.release.xcconfig</string>
			<key>sourceTree</key>
			<string>&lt;group&gt;</string>
		</dict>
		<key>DE3E65FF40BD9A908E26EF96</key>
		<dict>
			<key>buildActionMask</key>
			<string>2147483647</string>
			<key>files</key>
			<array/>
			<key>inputPaths</key>
			<array/>
			<key>isa</key>
			<string>PBXShellScriptBuildPhase</string>
			<key>name</key>
			<string>[CP] Copy Pods Resources</string>
			<key>outputPaths</key>
			<array/>
			<key>runOnlyForDeploymentPostprocessing</key>
			<string>0</string>
			<key>shellPath</key>
			<string>/bin/sh</string>
			<key>shellScript</key>
			<string>"${SRCROOT}/Pods/Target Support Files/Pods-YTKNetworkDemo/Pods-YTKNetworkDemo-resources.sh"
</string>
			<key>showEnvVarsInLog</key>
			<string>0</string>
		</dict>
		<key>EDD64A8FB57EEC11DE6CEB4E</key>
		<dict>
			<key>fileRef</key>
			<string>573535265CF5ECF05E1BBD90</string>
			<key>isa</key>
			<string>PBXBuildFile</string>
		</dict>
		<key>F3A8BAC1ADCD712EF8786C33</key>
		<dict>
			<key>includeInIndex</key>
			<string>1</string>
			<key>isa</key>
			<string>PBXFileReference</string>
			<key>lastKnownFileType</key>
			<string>text.xcconfig</string>
			<key>name</key>
			<string>Pods-YTKNetworkDemoTests.debug.xcconfig</string>
			<key>path</key>
			<string>Pods/Target Support Files/Pods-YTKNetworkDemoTests/Pods-YTKNetworkDemoTests.debug.xcconfig</string>
			<key>sourceTree</key>
			<string>&lt;group&gt;</string>
		</dict>
		<key>F3D5E2006147748FD73B4DAE</key>
		<dict>
			<key>children</key>
			<array>
				<string>F8B54B27A99DEF03E2DBB02C</string>
				<string>573535265CF5ECF05E1BBD90</string>
			</array>
			<key>isa</key>
			<string>PBXGroup</string>
			<key>name</key>
			<string>Frameworks</string>
			<key>sourceTree</key>
			<string>&lt;group&gt;</string>
		</dict>
		<key>F8B54B27A99DEF03E2DBB02C</key>
		<dict>
			<key>explicitFileType</key>
			<string>archive.ar</string>
			<key>includeInIndex</key>
			<string>0</string>
			<key>isa</key>
			<string>PBXFileReference</string>
			<key>path</key>
			<string>libPods-YTKNetworkDemo.a</string>
			<key>sourceTree</key>
			<string>BUILT_PRODUCTS_DIR</string>
		</dict>
		<key>FEEC7AA40163426AAD453013</key>
		<dict>
			<key>includeInIndex</key>
			<string>1</string>
			<key>isa</key>
			<string>PBXFileReference</string>
			<key>lastKnownFileType</key>
			<string>text.xcconfig</string>
			<key>name</key>
			<string>Pods-YTKNetworkDemo.debug.xcconfig</string>
			<key>path</key>
			<string>Pods/Target Support Files/Pods-YTKNetworkDemo/Pods-YTKNetworkDemo.debug.xcconfig</string>
			<key>sourceTree</key>
			<string>&lt;group&gt;</string>
		</dict>
	</dict>
	<key>rootObject</key>
	<string>BF007FCB19FF972C00816462</string>
</dict>
</plist>
